// !$*UTF8*$!
{
	archiveVersion = 1;
	classes = {
	};
	objectVersion = 48;
	objects = {

/* Begin PBXBuildFile section */
		0438E6961FC6A9100030255D /* HFParticleSearchAnimateView.m in Sources */ = {isa = PBXBuildFile; fileRef = 0438E6951FC6A9100030255D /* HFParticleSearchAnimateView.m */; };
		0438E6991FC6A9220030255D /* UIImage+Common.m in Sources */ = {isa = PBXBuildFile; fileRef = 0438E6981FC6A9220030255D /* UIImage+Common.m */; };
		0438E69F1FC6D17A0030255D /* FLAnimatedImage.m in Sources */ = {isa = PBXBuildFile; fileRef = 0438E69C1FC6D17A0030255D /* FLAnimatedImage.m */; };
		0438E6A01FC6D17B0030255D /* FLAnimatedImageView.m in Sources */ = {isa = PBXBuildFile; fileRef = 0438E69E1FC6D17A0030255D /* FLAnimatedImageView.m */; };
		0438E6A21FC6D4F50030255D /* loadings.gif in Resources */ = {isa = PBXBuildFile; fileRef = 0438E6A11FC6D4F50030255D /* loadings.gif */; };
		04B67BD51FC42DA9006C943E /* Main.storyboard in Resources */ = {isa = PBXBuildFile; fileRef = 04B67BD31FC42DA9006C943E /* Main.storyboard */; };
		04B67BD71FC42DA9006C943E /* Assets.xcassets in Resources */ = {isa = PBXBuildFile; fileRef = 04B67BD61FC42DA9006C943E /* Assets.xcassets */; };
		04B67BDA1FC42DA9006C943E /* LaunchScreen.storyboard in Resources */ = {isa = PBXBuildFile; fileRef = 04B67BD81FC42DA9006C943E /* LaunchScreen.storyboard */; };
		04B67BDD1FC42DA9006C943E /* main.m in Sources */ = {isa = PBXBuildFile; fileRef = 04B67BDC1FC42DA9006C943E /* main.m */; };
		04B67BE71FC42DAA006C943E /* JMORCodeTests.m in Sources */ = {isa = PBXBuildFile; fileRef = 04B67BE61FC42DAA006C943E /* JMORCodeTests.m */; };
		04B67C051FC4346C006C943E /* MMScanView.m in Sources */ = {isa = PBXBuildFile; fileRef = 04B67BFD1FC4346C006C943E /* MMScanView.m */; };
		04B67C061FC4346C006C943E /* MMScanViewController.m in Sources */ = {isa = PBXBuildFile; fileRef = 04B67BFF1FC4346C006C943E /* MMScanViewController.m */; };
		04B67C071FC4346C006C943E /* resource.bundle in Resources */ = {isa = PBXBuildFile; fileRef = 04B67C001FC4346C006C943E /* resource.bundle */; };
		04B67C0C1FC4371E006C943E /* JMDrawBarCoderController.m in Sources */ = {isa = PBXBuildFile; fileRef = 04B67C0B1FC4371E006C943E /* JMDrawBarCoderController.m */; };
		04B67C0F1FC43744006C943E /* JMDrawQrCoderController.m in Sources */ = {isa = PBXBuildFile; fileRef = 04B67C0E1FC43744006C943E /* JMDrawQrCoderController.m */; };
		04B67C1C1FC5351C006C943E /* NSString+Extension.m in Sources */ = {isa = PBXBuildFile; fileRef = 04B67C151FC5351C006C943E /* NSString+Extension.m */; };
		04B67C1E1FC5351C006C943E /* UINavigationBar+Awesome.m in Sources */ = {isa = PBXBuildFile; fileRef = 04B67C191FC5351C006C943E /* UINavigationBar+Awesome.m */; };
		04B67C1F1FC5351C006C943E /* UIView+Extension.m in Sources */ = {isa = PBXBuildFile; fileRef = 04B67C1B1FC5351C006C943E /* UIView+Extension.m */; };
		04B67C271FC535E2006C943E /* AppDelegate.m in Sources */ = {isa = PBXBuildFile; fileRef = 04B67C251FC535E2006C943E /* AppDelegate.m */; };
		04B67C2A1FC535ED006C943E /* JMORCodeController.m in Sources */ = {isa = PBXBuildFile; fileRef = 04B67C281FC535ED006C943E /* JMORCodeController.m */; };
		04B67C2D1FC535F9006C943E /* JMPuzzleMenuView.m in Sources */ = {isa = PBXBuildFile; fileRef = 04B67C2C1FC535F9006C943E /* JMPuzzleMenuView.m */; };
		04B67C311FC54B3E006C943E /* JMPhotosAlertView.m in Sources */ = {isa = PBXBuildFile; fileRef = 04B67C2F1FC54B3E006C943E /* JMPhotosAlertView.m */; };
		04B67C341FC55251006C943E /* JMAboutUsController.m in Sources */ = {isa = PBXBuildFile; fileRef = 04B67C321FC55251006C943E /* JMAboutUsController.m */; };
		04B67C3D1FC5529E006C943E /* JMAccountHeaderFooter.m in Sources */ = {isa = PBXBuildFile; fileRef = 04B67C351FC5529D006C943E /* JMAccountHeaderFooter.m */; };
		04B67C3E1FC5529E006C943E /* JMAboutModel.m in Sources */ = {isa = PBXBuildFile; fileRef = 04B67C391FC5529D006C943E /* JMAboutModel.m */; };
		04B67C3F1FC5529E006C943E /* JMAboutCell.m in Sources */ = {isa = PBXBuildFile; fileRef = 04B67C3A1FC5529E006C943E /* JMAboutCell.m */; };
		04B67C401FC5529E006C943E /* JMAboutHeaderView.m in Sources */ = {isa = PBXBuildFile; fileRef = 04B67C3B1FC5529E006C943E /* JMAboutHeaderView.m */; };
		04B67C431FC552BB006C943E /* JMUserDefault.m in Sources */ = {isa = PBXBuildFile; fileRef = 04B67C411FC552BB006C943E /* JMUserDefault.m */; };
		04B67C461FC557A9006C943E /* JMWebProgressView.m in Sources */ = {isa = PBXBuildFile; fileRef = 04B67C441FC557A8006C943E /* JMWebProgressView.m */; };
		04B67C491FC557B5006C943E /* JMBaseWebViewController.m in Sources */ = {isa = PBXBuildFile; fileRef = 04B67C471FC557B4006C943E /* JMBaseWebViewController.m */; };
		04B67C4C1FC557FE006C943E /* NSTimer+JMAddition.m in Sources */ = {isa = PBXBuildFile; fileRef = 04B67C4A1FC557FE006C943E /* NSTimer+JMAddition.m */; };
		04B67C4F1FC566F8006C943E /* JMADView.m in Sources */ = {isa = PBXBuildFile; fileRef = 04B67C4E1FC566F8006C943E /* JMADView.m */; };
		04B67C521FC56943006C943E /* JMMenuItem.m in Sources */ = {isa = PBXBuildFile; fileRef = 04B67C511FC56943006C943E /* JMMenuItem.m */; };
		04B67C551FC56A1B006C943E /* JMMenuItemModel.m in Sources */ = {isa = PBXBuildFile; fileRef = 04B67C541FC56A1B006C943E /* JMMenuItemModel.m */; };
		04B67C5C1FC57670006C943E /* InfoPlist.strings in Resources */ = {isa = PBXBuildFile; fileRef = 04B67C5E1FC57670006C943E /* InfoPlist.strings */; };
		04B67C601FC57679006C943E /* Localizable.strings in Resources */ = {isa = PBXBuildFile; fileRef = 04B67C621FC57679006C943E /* Localizable.strings */; };
		98B22944415FD5F885025A22 /* libPods-JMORCode.a in Frameworks */ = {isa = PBXBuildFile; fileRef = 004E15F85EED893A9D645A85 /* libPods-JMORCode.a */; };
/* End PBXBuildFile section */

/* Begin PBXContainerItemProxy section */
		04B67BE31FC42DAA006C943E /* PBXContainerItemProxy */ = {
			isa = PBXContainerItemProxy;
			containerPortal = 04B67BC21FC42DA9006C943E /* Project object */;
			proxyType = 1;
			remoteGlobalIDString = 04B67BC91FC42DA9006C943E;
			remoteInfo = JMORCode;
		};
/* End PBXContainerItemProxy section */

/* Begin PBXFileReference section */
		004E15F85EED893A9D645A85 /* libPods-JMORCode.a */ = {isa = PBXFileReference; explicitFileType = archive.ar; includeInIndex = 0; path = "libPods-JMORCode.a"; sourceTree = BUILT_PRODUCTS_DIR; };
		0438E6941FC6A9100030255D /* HFParticleSearchAnimateView.h */ = {isa = PBXFileReference; fileEncoding = 4; lastKnownFileType = sourcecode.c.h; path = HFParticleSearchAnimateView.h; sourceTree = "<group>"; };
		0438E6951FC6A9100030255D /* HFParticleSearchAnimateView.m */ = {isa = PBXFileReference; fileEncoding = 4; lastKnownFileType = sourcecode.c.objc; path = HFParticleSearchAnimateView.m; sourceTree = "<group>"; };
		0438E6971FC6A9220030255D /* UIImage+Common.h */ = {isa = PBXFileReference; fileEncoding = 4; lastKnownFileType = sourcecode.c.h; path = "UIImage+Common.h"; sourceTree = "<group>"; };
		0438E6981FC6A9220030255D /* UIImage+Common.m */ = {isa = PBXFileReference; fileEncoding = 4; lastKnownFileType = sourcecode.c.objc; path = "UIImage+Common.m"; sourceTree = "<group>"; };
		0438E69B1FC6D17A0030255D /* FLAnimatedImage.h */ = {isa = PBXFileReference; fileEncoding = 4; lastKnownFileType = sourcecode.c.h; path = FLAnimatedImage.h; sourceTree = "<group>"; };
		0438E69C1FC6D17A0030255D /* FLAnimatedImage.m */ = {isa = PBXFileReference; fileEncoding = 4; lastKnownFileType = sourcecode.c.objc; path = FLAnimatedImage.m; sourceTree = "<group>"; };
		0438E69D1FC6D17A0030255D /* FLAnimatedImageView.h */ = {isa = PBXFileReference; fileEncoding = 4; lastKnownFileType = sourcecode.c.h; path = FLAnimatedImageView.h; sourceTree = "<group>"; };
		0438E69E1FC6D17A0030255D /* FLAnimatedImageView.m */ = {isa = PBXFileReference; fileEncoding = 4; lastKnownFileType = sourcecode.c.objc; path = FLAnimatedImageView.m; sourceTree = "<group>"; };
		0438E6A11FC6D4F50030255D /* loadings.gif */ = {isa = PBXFileReference; lastKnownFileType = image.gif; path = loadings.gif; sourceTree = "<group>"; };
		04B67BCA1FC42DA9006C943E /* JMORCode.app */ = {isa = PBXFileReference; explicitFileType = wrapper.application; includeInIndex = 0; path = JMORCode.app; sourceTree = BUILT_PRODUCTS_DIR; };
		04B67BD41FC42DA9006C943E /* Base */ = {isa = PBXFileReference; lastKnownFileType = file.storyboard; name = Base; path = Base.lproj/Main.storyboard; sourceTree = "<group>"; };
		04B67BD61FC42DA9006C943E /* Assets.xcassets */ = {isa = PBXFileReference; lastKnownFileType = folder.assetcatalog; path = Assets.xcassets; sourceTree = "<group>"; };
		04B67BD91FC42DA9006C943E /* Base */ = {isa = PBXFileReference; lastKnownFileType = file.storyboard; name = Base; path = Base.lproj/LaunchScreen.storyboard; sourceTree = "<group>"; };
		04B67BDB1FC42DA9006C943E /* Info.plist */ = {isa = PBXFileReference; lastKnownFileType = text.plist.xml; path = Info.plist; sourceTree = "<group>"; };
		04B67BDC1FC42DA9006C943E /* main.m */ = {isa = PBXFileReference; lastKnownFileType = sourcecode.c.objc; path = main.m; sourceTree = "<group>"; };
		04B67BE21FC42DAA006C943E /* JMORCodeTests.xctest */ = {isa = PBXFileReference; explicitFileType = wrapper.cfbundle; includeInIndex = 0; path = JMORCodeTests.xctest; sourceTree = BUILT_PRODUCTS_DIR; };
		04B67BE61FC42DAA006C943E /* JMORCodeTests.m */ = {isa = PBXFileReference; lastKnownFileType = sourcecode.c.objc; path = JMORCodeTests.m; sourceTree = "<group>"; };
		04B67BE81FC42DAA006C943E /* Info.plist */ = {isa = PBXFileReference; lastKnownFileType = text.plist.xml; path = Info.plist; sourceTree = "<group>"; };
		04B67BFC1FC4346C006C943E /* MMScanView.h */ = {isa = PBXFileReference; fileEncoding = 4; lastKnownFileType = sourcecode.c.h; path = MMScanView.h; sourceTree = "<group>"; };
		04B67BFD1FC4346C006C943E /* MMScanView.m */ = {isa = PBXFileReference; fileEncoding = 4; lastKnownFileType = sourcecode.c.objc; path = MMScanView.m; sourceTree = "<group>"; };
		04B67BFE1FC4346C006C943E /* MMScanViewController.h */ = {isa = PBXFileReference; fileEncoding = 4; lastKnownFileType = sourcecode.c.h; path = MMScanViewController.h; sourceTree = "<group>"; };
		04B67BFF1FC4346C006C943E /* MMScanViewController.m */ = {isa = PBXFileReference; fileEncoding = 4; lastKnownFileType = sourcecode.c.objc; path = MMScanViewController.m; sourceTree = "<group>"; };
		04B67C001FC4346C006C943E /* resource.bundle */ = {isa = PBXFileReference; lastKnownFileType = "wrapper.plug-in"; path = resource.bundle; sourceTree = "<group>"; };
		04B67C0A1FC4371E006C943E /* JMDrawBarCoderController.h */ = {isa = PBXFileReference; lastKnownFileType = sourcecode.c.h; path = JMDrawBarCoderController.h; sourceTree = "<group>"; };
		04B67C0B1FC4371E006C943E /* JMDrawBarCoderController.m */ = {isa = PBXFileReference; lastKnownFileType = sourcecode.c.objc; path = JMDrawBarCoderController.m; sourceTree = "<group>"; };
		04B67C0D1FC43744006C943E /* JMDrawQrCoderController.h */ = {isa = PBXFileReference; lastKnownFileType = sourcecode.c.h; path = JMDrawQrCoderController.h; sourceTree = "<group>"; };
		04B67C0E1FC43744006C943E /* JMDrawQrCoderController.m */ = {isa = PBXFileReference; lastKnownFileType = sourcecode.c.objc; path = JMDrawQrCoderController.m; sourceTree = "<group>"; };
		04B67C141FC5351C006C943E /* NSString+Extension.h */ = {isa = PBXFileReference; fileEncoding = 4; lastKnownFileType = sourcecode.c.h; path = "NSString+Extension.h"; sourceTree = "<group>"; };
		04B67C151FC5351C006C943E /* NSString+Extension.m */ = {isa = PBXFileReference; fileEncoding = 4; lastKnownFileType = sourcecode.c.objc; path = "NSString+Extension.m"; sourceTree = "<group>"; };
		04B67C181FC5351C006C943E /* UINavigationBar+Awesome.h */ = {isa = PBXFileReference; fileEncoding = 4; lastKnownFileType = sourcecode.c.h; path = "UINavigationBar+Awesome.h"; sourceTree = "<group>"; };
		04B67C191FC5351C006C943E /* UINavigationBar+Awesome.m */ = {isa = PBXFileReference; fileEncoding = 4; lastKnownFileType = sourcecode.c.objc; path = "UINavigationBar+Awesome.m"; sourceTree = "<group>"; };
		04B67C1A1FC5351C006C943E /* UIView+Extension.h */ = {isa = PBXFileReference; fileEncoding = 4; lastKnownFileType = sourcecode.c.h; path = "UIView+Extension.h"; sourceTree = "<group>"; };
		04B67C1B1FC5351C006C943E /* UIView+Extension.m */ = {isa = PBXFileReference; fileEncoding = 4; lastKnownFileType = sourcecode.c.objc; path = "UIView+Extension.m"; sourceTree = "<group>"; };
		04B67C251FC535E2006C943E /* AppDelegate.m */ = {isa = PBXFileReference; fileEncoding = 4; lastKnownFileType = sourcecode.c.objc; path = AppDelegate.m; sourceTree = "<group>"; };
		04B67C261FC535E2006C943E /* AppDelegate.h */ = {isa = PBXFileReference; fileEncoding = 4; lastKnownFileType = sourcecode.c.h; path = AppDelegate.h; sourceTree = "<group>"; };
		04B67C281FC535ED006C943E /* JMORCodeController.m */ = {isa = PBXFileReference; fileEncoding = 4; lastKnownFileType = sourcecode.c.objc; path = JMORCodeController.m; sourceTree = "<group>"; };
		04B67C291FC535ED006C943E /* JMORCodeController.h */ = {isa = PBXFileReference; fileEncoding = 4; lastKnownFileType = sourcecode.c.h; path = JMORCodeController.h; sourceTree = "<group>"; };
		04B67C2B1FC535F9006C943E /* JMPuzzleMenuView.h */ = {isa = PBXFileReference; fileEncoding = 4; lastKnownFileType = sourcecode.c.h; path = JMPuzzleMenuView.h; sourceTree = "<group>"; };
		04B67C2C1FC535F9006C943E /* JMPuzzleMenuView.m */ = {isa = PBXFileReference; fileEncoding = 4; lastKnownFileType = sourcecode.c.objc; path = JMPuzzleMenuView.m; sourceTree = "<group>"; };
		04B67C2E1FC53776006C943E /* JMORCoder-Prefix.pch */ = {isa = PBXFileReference; lastKnownFileType = sourcecode.c.h; path = "JMORCoder-Prefix.pch"; sourceTree = "<group>"; };
		04B67C2F1FC54B3E006C943E /* JMPhotosAlertView.m */ = {isa = PBXFileReference; fileEncoding = 4; lastKnownFileType = sourcecode.c.objc; path = JMPhotosAlertView.m; sourceTree = "<group>"; };
		04B67C301FC54B3E006C943E /* JMPhotosAlertView.h */ = {isa = PBXFileReference; fileEncoding = 4; lastKnownFileType = sourcecode.c.h; path = JMPhotosAlertView.h; sourceTree = "<group>"; };
		04B67C321FC55251006C943E /* JMAboutUsController.m */ = {isa = PBXFileReference; fileEncoding = 4; lastKnownFileType = sourcecode.c.objc; path = JMAboutUsController.m; sourceTree = "<group>"; };
		04B67C331FC55251006C943E /* JMAboutUsController.h */ = {isa = PBXFileReference; fileEncoding = 4; lastKnownFileType = sourcecode.c.h; path = JMAboutUsController.h; sourceTree = "<group>"; };
		04B67C351FC5529D006C943E /* JMAccountHeaderFooter.m */ = {isa = PBXFileReference; fileEncoding = 4; lastKnownFileType = sourcecode.c.objc; path = JMAccountHeaderFooter.m; sourceTree = "<group>"; };
		04B67C361FC5529D006C943E /* JMAboutModel.h */ = {isa = PBXFileReference; fileEncoding = 4; lastKnownFileType = sourcecode.c.h; path = JMAboutModel.h; sourceTree = "<group>"; };
		04B67C371FC5529D006C943E /* JMAboutCell.h */ = {isa = PBXFileReference; fileEncoding = 4; lastKnownFileType = sourcecode.c.h; path = JMAboutCell.h; sourceTree = "<group>"; };
		04B67C381FC5529D006C943E /* JMAboutHeaderView.h */ = {isa = PBXFileReference; fileEncoding = 4; lastKnownFileType = sourcecode.c.h; path = JMAboutHeaderView.h; sourceTree = "<group>"; };
		04B67C391FC5529D006C943E /* JMAboutModel.m */ = {isa = PBXFileReference; fileEncoding = 4; lastKnownFileType = sourcecode.c.objc; path = JMAboutModel.m; sourceTree = "<group>"; };
		04B67C3A1FC5529E006C943E /* JMAboutCell.m */ = {isa = PBXFileReference; fileEncoding = 4; lastKnownFileType = sourcecode.c.objc; path = JMAboutCell.m; sourceTree = "<group>"; };
		04B67C3B1FC5529E006C943E /* JMAboutHeaderView.m */ = {isa = PBXFileReference; fileEncoding = 4; lastKnownFileType = sourcecode.c.objc; path = JMAboutHeaderView.m; sourceTree = "<group>"; };
		04B67C3C1FC5529E006C943E /* JMAccountHeaderFooter.h */ = {isa = PBXFileReference; fileEncoding = 4; lastKnownFileType = sourcecode.c.h; path = JMAccountHeaderFooter.h; sourceTree = "<group>"; };
		04B67C411FC552BB006C943E /* JMUserDefault.m */ = {isa = PBXFileReference; fileEncoding = 4; lastKnownFileType = sourcecode.c.objc; path = JMUserDefault.m; sourceTree = "<group>"; };
		04B67C421FC552BB006C943E /* JMUserDefault.h */ = {isa = PBXFileReference; fileEncoding = 4; lastKnownFileType = sourcecode.c.h; path = JMUserDefault.h; sourceTree = "<group>"; };
		04B67C441FC557A8006C943E /* JMWebProgressView.m */ = {isa = PBXFileReference; fileEncoding = 4; lastKnownFileType = sourcecode.c.objc; path = JMWebProgressView.m; sourceTree = "<group>"; };
		04B67C451FC557A9006C943E /* JMWebProgressView.h */ = {isa = PBXFileReference; fileEncoding = 4; lastKnownFileType = sourcecode.c.h; path = JMWebProgressView.h; sourceTree = "<group>"; };
		04B67C471FC557B4006C943E /* JMBaseWebViewController.m */ = {isa = PBXFileReference; fileEncoding = 4; lastKnownFileType = sourcecode.c.objc; path = JMBaseWebViewController.m; sourceTree = "<group>"; };
		04B67C481FC557B5006C943E /* JMBaseWebViewController.h */ = {isa = PBXFileReference; fileEncoding = 4; lastKnownFileType = sourcecode.c.h; path = JMBaseWebViewController.h; sourceTree = "<group>"; };
		04B67C4A1FC557FE006C943E /* NSTimer+JMAddition.m */ = {isa = PBXFileReference; fileEncoding = 4; lastKnownFileType = sourcecode.c.objc; path = "NSTimer+JMAddition.m"; sourceTree = "<group>"; };
		04B67C4B1FC557FE006C943E /* NSTimer+JMAddition.h */ = {isa = PBXFileReference; fileEncoding = 4; lastKnownFileType = sourcecode.c.h; path = "NSTimer+JMAddition.h"; sourceTree = "<group>"; };
		04B67C4D1FC566F8006C943E /* JMADView.h */ = {isa = PBXFileReference; lastKnownFileType = sourcecode.c.h; path = JMADView.h; sourceTree = "<group>"; };
		04B67C4E1FC566F8006C943E /* JMADView.m */ = {isa = PBXFileReference; lastKnownFileType = sourcecode.c.objc; path = JMADView.m; sourceTree = "<group>"; };
		04B67C501FC56943006C943E /* JMMenuItem.h */ = {isa = PBXFileReference; lastKnownFileType = sourcecode.c.h; path = JMMenuItem.h; sourceTree = "<group>"; };
		04B67C511FC56943006C943E /* JMMenuItem.m */ = {isa = PBXFileReference; lastKnownFileType = sourcecode.c.objc; path = JMMenuItem.m; sourceTree = "<group>"; };
		04B67C531FC56A1B006C943E /* JMMenuItemModel.h */ = {isa = PBXFileReference; lastKnownFileType = sourcecode.c.h; path = JMMenuItemModel.h; sourceTree = "<group>"; };
		04B67C541FC56A1B006C943E /* JMMenuItemModel.m */ = {isa = PBXFileReference; lastKnownFileType = sourcecode.c.objc; path = JMMenuItemModel.m; sourceTree = "<group>"; };
		04B67C561FC57605006C943E /* zh-Hans */ = {isa = PBXFileReference; lastKnownFileType = text.plist.strings; name = "zh-Hans"; path = "zh-Hans.lproj/Main.strings"; sourceTree = "<group>"; };
		04B67C571FC57605006C943E /* zh-Hans */ = {isa = PBXFileReference; lastKnownFileType = text.plist.strings; name = "zh-Hans"; path = "zh-Hans.lproj/LaunchScreen.strings"; sourceTree = "<group>"; };
		04B67C5D1FC57670006C943E /* en */ = {isa = PBXFileReference; lastKnownFileType = text.plist.strings; name = en; path = en.lproj/InfoPlist.strings; sourceTree = "<group>"; };
		04B67C5F1FC57673006C943E /* zh-Hans */ = {isa = PBXFileReference; lastKnownFileType = text.plist.strings; name = "zh-Hans"; path = "zh-Hans.lproj/InfoPlist.strings"; sourceTree = "<group>"; };
		04B67C611FC57679006C943E /* en */ = {isa = PBXFileReference; lastKnownFileType = text.plist.strings; name = en; path = en.lproj/Localizable.strings; sourceTree = "<group>"; };
		04B67C631FC5767A006C943E /* zh-Hans */ = {isa = PBXFileReference; lastKnownFileType = text.plist.strings; name = "zh-Hans"; path = "zh-Hans.lproj/Localizable.strings"; sourceTree = "<group>"; };
		327F13DA01D6E706FAD1A851 /* Pods-JMORCode.debug.xcconfig */ = {isa = PBXFileReference; includeInIndex = 1; lastKnownFileType = text.xcconfig; name = "Pods-JMORCode.debug.xcconfig"; path = "Pods/Target Support Files/Pods-JMORCode/Pods-JMORCode.debug.xcconfig"; sourceTree = "<group>"; };
		EEF3D5204CAB1408BCDF38C3 /* Pods-JMORCode.release.xcconfig */ = {isa = PBXFileReference; includeInIndex = 1; lastKnownFileType = text.xcconfig; name = "Pods-JMORCode.release.xcconfig"; path = "Pods/Target Support Files/Pods-JMORCode/Pods-JMORCode.release.xcconfig"; sourceTree = "<group>"; };
/* End PBXFileReference section */

/* Begin PBXFrameworksBuildPhase section */
		04B67BC71FC42DA9006C943E /* Frameworks */ = {
			isa = PBXFrameworksBuildPhase;
			buildActionMask = 2147483647;
			files = (
				98B22944415FD5F885025A22 /* libPods-JMORCode.a in Frameworks */,
			);
			runOnlyForDeploymentPostprocessing = 0;
		};
		04B67BDF1FC42DAA006C943E /* Frameworks */ = {
			isa = PBXFrameworksBuildPhase;
			buildActionMask = 2147483647;
			files = (
			);
			runOnlyForDeploymentPostprocessing = 0;
		};
/* End PBXFrameworksBuildPhase section */

/* Begin PBXGroup section */
		0438E69A1FC6D17A0030255D /* FLAnimatedImage */ = {
			isa = PBXGroup;
			children = (
				0438E69B1FC6D17A0030255D /* FLAnimatedImage.h */,
				0438E69C1FC6D17A0030255D /* FLAnimatedImage.m */,
				0438E69D1FC6D17A0030255D /* FLAnimatedImageView.h */,
				0438E69E1FC6D17A0030255D /* FLAnimatedImageView.m */,
			);
			path = FLAnimatedImage;
			sourceTree = "<group>";
		};
		04B67BC11FC42DA9006C943E = {
			isa = PBXGroup;
			children = (
				04B67BCC1FC42DA9006C943E /* JMORCode */,
				04B67BE51FC42DAA006C943E /* JMORCodeTests */,
				04B67BCB1FC42DA9006C943E /* Products */,
				98DE721B6F4580C9D9CB0777 /* Pods */,
				0CE5C13E712FDA6602FA6284 /* Frameworks */,
			);
			sourceTree = "<group>";
		};
		04B67BCB1FC42DA9006C943E /* Products */ = {
			isa = PBXGroup;
			children = (
				04B67BCA1FC42DA9006C943E /* JMORCode.app */,
				04B67BE21FC42DAA006C943E /* JMORCodeTests.xctest */,
			);
			name = Products;
			sourceTree = "<group>";
		};
		04B67BCC1FC42DA9006C943E /* JMORCode */ = {
			isa = PBXGroup;
			children = (
				04B67C231FC5355E006C943E /* Other */,
				04B67C241FC5355E006C943E /* Tools */,
				04B67C211FC53544006C943E /* Controller */,
				04B67C221FC53544006C943E /* View */,
				04B67C131FC5351C006C943E /* Category */,
				04B67BFA1FC4346C006C943E /* Libs */,
				04B67BD31FC42DA9006C943E /* Main.storyboard */,
				04B67BD61FC42DA9006C943E /* Assets.xcassets */,
				04B67BD81FC42DA9006C943E /* LaunchScreen.storyboard */,
				04B67BDB1FC42DA9006C943E /* Info.plist */,
				04B67BDC1FC42DA9006C943E /* main.m */,
			);
			path = JMORCode;
			sourceTree = "<group>";
		};
		04B67BE51FC42DAA006C943E /* JMORCodeTests */ = {
			isa = PBXGroup;
			children = (
				04B67BE61FC42DAA006C943E /* JMORCodeTests.m */,
				04B67BE81FC42DAA006C943E /* Info.plist */,
			);
			path = JMORCodeTests;
			sourceTree = "<group>";
		};
		04B67BFA1FC4346C006C943E /* Libs */ = {
			isa = PBXGroup;
			children = (
				0438E69A1FC6D17A0030255D /* FLAnimatedImage */,
				04B67BFB1FC4346C006C943E /* MMScanner */,
			);
			path = Libs;
			sourceTree = "<group>";
		};
		04B67BFB1FC4346C006C943E /* MMScanner */ = {
			isa = PBXGroup;
			children = (
				04B67BFC1FC4346C006C943E /* MMScanView.h */,
				04B67BFD1FC4346C006C943E /* MMScanView.m */,
				04B67BFE1FC4346C006C943E /* MMScanViewController.h */,
				04B67BFF1FC4346C006C943E /* MMScanViewController.m */,
				04B67C001FC4346C006C943E /* resource.bundle */,
				04B67C0A1FC4371E006C943E /* JMDrawBarCoderController.h */,
				04B67C0B1FC4371E006C943E /* JMDrawBarCoderController.m */,
				04B67C0D1FC43744006C943E /* JMDrawQrCoderController.h */,
				04B67C0E1FC43744006C943E /* JMDrawQrCoderController.m */,
			);
			path = MMScanner;
			sourceTree = "<group>";
		};
		04B67C131FC5351C006C943E /* Category */ = {
			isa = PBXGroup;
			children = (
				04B67C4B1FC557FE006C943E /* NSTimer+JMAddition.h */,
				04B67C4A1FC557FE006C943E /* NSTimer+JMAddition.m */,
				04B67C141FC5351C006C943E /* NSString+Extension.h */,
				04B67C151FC5351C006C943E /* NSString+Extension.m */,
				04B67C181FC5351C006C943E /* UINavigationBar+Awesome.h */,
				04B67C191FC5351C006C943E /* UINavigationBar+Awesome.m */,
				04B67C1A1FC5351C006C943E /* UIView+Extension.h */,
				04B67C1B1FC5351C006C943E /* UIView+Extension.m */,
				0438E6971FC6A9220030255D /* UIImage+Common.h */,
				0438E6981FC6A9220030255D /* UIImage+Common.m */,
			);
			path = Category;
			sourceTree = "<group>";
		};
		04B67C211FC53544006C943E /* Controller */ = {
			isa = PBXGroup;
			children = (
				04B67C291FC535ED006C943E /* JMORCodeController.h */,
				04B67C281FC535ED006C943E /* JMORCodeController.m */,
				04B67C331FC55251006C943E /* JMAboutUsController.h */,
				04B67C321FC55251006C943E /* JMAboutUsController.m */,
				04B67C481FC557B5006C943E /* JMBaseWebViewController.h */,
				04B67C471FC557B4006C943E /* JMBaseWebViewController.m */,
			);
			path = Controller;
			sourceTree = "<group>";
		};
		04B67C221FC53544006C943E /* View */ = {
			isa = PBXGroup;
			children = (
				04B67C2B1FC535F9006C943E /* JMPuzzleMenuView.h */,
				04B67C2C1FC535F9006C943E /* JMPuzzleMenuView.m */,
				04B67C501FC56943006C943E /* JMMenuItem.h */,
				04B67C511FC56943006C943E /* JMMenuItem.m */,
				04B67C531FC56A1B006C943E /* JMMenuItemModel.h */,
				04B67C541FC56A1B006C943E /* JMMenuItemModel.m */,
				04B67C4D1FC566F8006C943E /* JMADView.h */,
				04B67C4E1FC566F8006C943E /* JMADView.m */,
				04B67C301FC54B3E006C943E /* JMPhotosAlertView.h */,
				04B67C2F1FC54B3E006C943E /* JMPhotosAlertView.m */,
				04B67C371FC5529D006C943E /* JMAboutCell.h */,
				04B67C3A1FC5529E006C943E /* JMAboutCell.m */,
				04B67C381FC5529D006C943E /* JMAboutHeaderView.h */,
				04B67C3B1FC5529E006C943E /* JMAboutHeaderView.m */,
				04B67C361FC5529D006C943E /* JMAboutModel.h */,
				04B67C391FC5529D006C943E /* JMAboutModel.m */,
				04B67C3C1FC5529E006C943E /* JMAccountHeaderFooter.h */,
				04B67C351FC5529D006C943E /* JMAccountHeaderFooter.m */,
				04B67C451FC557A9006C943E /* JMWebProgressView.h */,
				04B67C441FC557A8006C943E /* JMWebProgressView.m */,
				0438E6941FC6A9100030255D /* HFParticleSearchAnimateView.h */,
				0438E6951FC6A9100030255D /* HFParticleSearchAnimateView.m */,
			);
			path = View;
			sourceTree = "<group>";
		};
		04B67C231FC5355E006C943E /* Other */ = {
			isa = PBXGroup;
			children = (
				0438E6A11FC6D4F50030255D /* loadings.gif */,
				04B67C261FC535E2006C943E /* AppDelegate.h */,
				04B67C251FC535E2006C943E /* AppDelegate.m */,
				04B67C2E1FC53776006C943E /* JMORCoder-Prefix.pch */,
				04B67C5E1FC57670006C943E /* InfoPlist.strings */,
				04B67C621FC57679006C943E /* Localizable.strings */,
			);
			path = Other;
			sourceTree = "<group>";
		};
		04B67C241FC5355E006C943E /* Tools */ = {
			isa = PBXGroup;
			children = (
				04B67C421FC552BB006C943E /* JMUserDefault.h */,
				04B67C411FC552BB006C943E /* JMUserDefault.m */,
			);
			path = Tools;
			sourceTree = "<group>";
		};
		0CE5C13E712FDA6602FA6284 /* Frameworks */ = {
			isa = PBXGroup;
			children = (
				004E15F85EED893A9D645A85 /* libPods-JMORCode.a */,
			);
			name = Frameworks;
			sourceTree = "<group>";
		};
		98DE721B6F4580C9D9CB0777 /* Pods */ = {
			isa = PBXGroup;
			children = (
				327F13DA01D6E706FAD1A851 /* Pods-JMORCode.debug.xcconfig */,
				EEF3D5204CAB1408BCDF38C3 /* Pods-JMORCode.release.xcconfig */,
			);
			name = Pods;
			sourceTree = "<group>";
		};
/* End PBXGroup section */

/* Begin PBXNativeTarget section */
		04B67BC91FC42DA9006C943E /* JMORCode */ = {
			isa = PBXNativeTarget;
			buildConfigurationList = 04B67BEB1FC42DAA006C943E /* Build configuration list for PBXNativeTarget "JMORCode" */;
			buildPhases = (
				043515AD7E1F206E56E61129 /* [CP] Check Pods Manifest.lock */,
				04B67BC61FC42DA9006C943E /* Sources */,
				04B67BC71FC42DA9006C943E /* Frameworks */,
				04B67BC81FC42DA9006C943E /* Resources */,
				D08A2D317821E0FC91217A84 /* [CP] Embed Pods Frameworks */,
				46F02CF3E31DEAB940CBAB2A /* [CP] Copy Pods Resources */,
			);
			buildRules = (
			);
			dependencies = (
			);
			name = JMORCode;
			productName = JMORCode;
			productReference = 04B67BCA1FC42DA9006C943E /* JMORCode.app */;
			productType = "com.apple.product-type.application";
		};
		04B67BE11FC42DAA006C943E /* JMORCodeTests */ = {
			isa = PBXNativeTarget;
			buildConfigurationList = 04B67BEE1FC42DAA006C943E /* Build configuration list for PBXNativeTarget "JMORCodeTests" */;
			buildPhases = (
				04B67BDE1FC42DAA006C943E /* Sources */,
				04B67BDF1FC42DAA006C943E /* Frameworks */,
				04B67BE01FC42DAA006C943E /* Resources */,
			);
			buildRules = (
			);
			dependencies = (
				04B67BE41FC42DAA006C943E /* PBXTargetDependency */,
			);
			name = JMORCodeTests;
			productName = JMORCodeTests;
			productReference = 04B67BE21FC42DAA006C943E /* JMORCodeTests.xctest */;
			productType = "com.apple.product-type.bundle.unit-test";
		};
/* End PBXNativeTarget section */

/* Begin PBXProject section */
		04B67BC21FC42DA9006C943E /* Project object */ = {
			isa = PBXProject;
			attributes = {
				LastUpgradeCheck = 0910;
				ORGANIZATIONNAME = JunMing;
				TargetAttributes = {
					04B67BC91FC42DA9006C943E = {
						CreatedOnToolsVersion = 9.1;
						ProvisioningStyle = Automatic;
					};
					04B67BE11FC42DAA006C943E = {
						CreatedOnToolsVersion = 9.1;
						ProvisioningStyle = Automatic;
						TestTargetID = 04B67BC91FC42DA9006C943E;
					};
				};
			};
			buildConfigurationList = 04B67BC51FC42DA9006C943E /* Build configuration list for PBXProject "JMORCode" */;
			compatibilityVersion = "Xcode 8.0";
			developmentRegion = en;
			hasScannedForEncodings = 0;
			knownRegions = (
				en,
				Base,
				"zh-Hans",
			);
			mainGroup = 04B67BC11FC42DA9006C943E;
			productRefGroup = 04B67BCB1FC42DA9006C943E /* Products */;
			projectDirPath = "";
			projectRoot = "";
			targets = (
				04B67BC91FC42DA9006C943E /* JMORCode */,
				04B67BE11FC42DAA006C943E /* JMORCodeTests */,
			);
		};
/* End PBXProject section */

/* Begin PBXResourcesBuildPhase section */
		04B67BC81FC42DA9006C943E /* Resources */ = {
			isa = PBXResourcesBuildPhase;
			buildActionMask = 2147483647;
			files = (
				04B67BDA1FC42DA9006C943E /* LaunchScreen.storyboard in Resources */,
				04B67C601FC57679006C943E /* Localizable.strings in Resources */,
				04B67BD71FC42DA9006C943E /* Assets.xcassets in Resources */,
				04B67BD51FC42DA9006C943E /* Main.storyboard in Resources */,
				04B67C071FC4346C006C943E /* resource.bundle in Resources */,
				0438E6A21FC6D4F50030255D /* loadings.gif in Resources */,
				04B67C5C1FC57670006C943E /* InfoPlist.strings in Resources */,
			);
			runOnlyForDeploymentPostprocessing = 0;
		};
		04B67BE01FC42DAA006C943E /* Resources */ = {
			isa = PBXResourcesBuildPhase;
			buildActionMask = 2147483647;
			files = (
			);
			runOnlyForDeploymentPostprocessing = 0;
		};
/* End PBXResourcesBuildPhase section */

/* Begin PBXShellScriptBuildPhase section */
		043515AD7E1F206E56E61129 /* [CP] Check Pods Manifest.lock */ = {
			isa = PBXShellScriptBuildPhase;
			buildActionMask = 2147483647;
			files = (
			);
			inputPaths = (
				"${PODS_PODFILE_DIR_PATH}/Podfile.lock",
				"${PODS_ROOT}/Manifest.lock",
			);
			name = "[CP] Check Pods Manifest.lock";
			outputPaths = (
				"$(DERIVED_FILE_DIR)/Pods-JMORCode-checkManifestLockResult.txt",
			);
			runOnlyForDeploymentPostprocessing = 0;
			shellPath = /bin/sh;
			shellScript = "diff \"${PODS_PODFILE_DIR_PATH}/Podfile.lock\" \"${PODS_ROOT}/Manifest.lock\" > /dev/null\nif [ $? != 0 ] ; then\n    # print error to STDERR\n    echo \"error: The sandbox is not in sync with the Podfile.lock. Run 'pod install' or update your CocoaPods installation.\" >&2\n    exit 1\nfi\n# This output is used by Xcode 'outputs' to avoid re-running this script phase.\necho \"SUCCESS\" > \"${SCRIPT_OUTPUT_FILE_0}\"\n";
			showEnvVarsInLog = 0;
		};
		46F02CF3E31DEAB940CBAB2A /* [CP] Copy Pods Resources */ = {
			isa = PBXShellScriptBuildPhase;
			buildActionMask = 2147483647;
			files = (
			);
			inputPaths = (
			);
			name = "[CP] Copy Pods Resources";
			outputPaths = (
			);
			runOnlyForDeploymentPostprocessing = 0;
			shellPath = /bin/sh;
			shellScript = "\"${SRCROOT}/Pods/Target Support Files/Pods-JMORCode/Pods-JMORCode-resources.sh\"\n";
			showEnvVarsInLog = 0;
		};
		D08A2D317821E0FC91217A84 /* [CP] Embed Pods Frameworks */ = {
			isa = PBXShellScriptBuildPhase;
			buildActionMask = 2147483647;
			files = (
			);
			inputPaths = (
			);
			name = "[CP] Embed Pods Frameworks";
			outputPaths = (
			);
			runOnlyForDeploymentPostprocessing = 0;
			shellPath = /bin/sh;
			shellScript = "\"${SRCROOT}/Pods/Target Support Files/Pods-JMORCode/Pods-JMORCode-frameworks.sh\"\n";
			showEnvVarsInLog = 0;
		};
/* End PBXShellScriptBuildPhase section */

/* Begin PBXSourcesBuildPhase section */
		04B67BC61FC42DA9006C943E /* Sources */ = {
			isa = PBXSourcesBuildPhase;
			buildActionMask = 2147483647;
			files = (
				04B67C1E1FC5351C006C943E /* UINavigationBar+Awesome.m in Sources */,
				04B67C061FC4346C006C943E /* MMScanViewController.m in Sources */,
				04B67C0F1FC43744006C943E /* JMDrawQrCoderController.m in Sources */,
				04B67C521FC56943006C943E /* JMMenuItem.m in Sources */,
				04B67C491FC557B5006C943E /* JMBaseWebViewController.m in Sources */,
				04B67C461FC557A9006C943E /* JMWebProgressView.m in Sources */,
				04B67C4C1FC557FE006C943E /* NSTimer+JMAddition.m in Sources */,
				0438E6A01FC6D17B0030255D /* FLAnimatedImageView.m in Sources */,
				04B67C0C1FC4371E006C943E /* JMDrawBarCoderController.m in Sources */,
				0438E69F1FC6D17A0030255D /* FLAnimatedImage.m in Sources */,
				04B67C271FC535E2006C943E /* AppDelegate.m in Sources */,
				04B67C311FC54B3E006C943E /* JMPhotosAlertView.m in Sources */,
				04B67C341FC55251006C943E /* JMAboutUsController.m in Sources */,
				0438E6961FC6A9100030255D /* HFParticleSearchAnimateView.m in Sources */,
				04B67C431FC552BB006C943E /* JMUserDefault.m in Sources */,
				04B67C1C1FC5351C006C943E /* NSString+Extension.m in Sources */,
				04B67C2D1FC535F9006C943E /* JMPuzzleMenuView.m in Sources */,
				04B67C2A1FC535ED006C943E /* JMORCodeController.m in Sources */,
				04B67C3F1FC5529E006C943E /* JMAboutCell.m in Sources */,
				04B67C551FC56A1B006C943E /* JMMenuItemModel.m in Sources */,
				04B67C401FC5529E006C943E /* JMAboutHeaderView.m in Sources */,
				04B67C4F1FC566F8006C943E /* JMADView.m in Sources */,
				04B67BDD1FC42DA9006C943E /* main.m in Sources */,
				04B67C3E1FC5529E006C943E /* JMAboutModel.m in Sources */,
				0438E6991FC6A9220030255D /* UIImage+Common.m in Sources */,
				04B67C1F1FC5351C006C943E /* UIView+Extension.m in Sources */,
				04B67C3D1FC5529E006C943E /* JMAccountHeaderFooter.m in Sources */,
				04B67C051FC4346C006C943E /* MMScanView.m in Sources */,
			);
			runOnlyForDeploymentPostprocessing = 0;
		};
		04B67BDE1FC42DAA006C943E /* Sources */ = {
			isa = PBXSourcesBuildPhase;
			buildActionMask = 2147483647;
			files = (
				04B67BE71FC42DAA006C943E /* JMORCodeTests.m in Sources */,
			);
			runOnlyForDeploymentPostprocessing = 0;
		};
/* End PBXSourcesBuildPhase section */

/* Begin PBXTargetDependency section */
		04B67BE41FC42DAA006C943E /* PBXTargetDependency */ = {
			isa = PBXTargetDependency;
			target = 04B67BC91FC42DA9006C943E /* JMORCode */;
			targetProxy = 04B67BE31FC42DAA006C943E /* PBXContainerItemProxy */;
		};
/* End PBXTargetDependency section */

/* Begin PBXVariantGroup section */
		04B67BD31FC42DA9006C943E /* Main.storyboard */ = {
			isa = PBXVariantGroup;
			children = (
				04B67BD41FC42DA9006C943E /* Base */,
				04B67C561FC57605006C943E /* zh-Hans */,
			);
			name = Main.storyboard;
			sourceTree = "<group>";
		};
		04B67BD81FC42DA9006C943E /* LaunchScreen.storyboard */ = {
			isa = PBXVariantGroup;
			children = (
				04B67BD91FC42DA9006C943E /* Base */,
				04B67C571FC57605006C943E /* zh-Hans */,
			);
			name = LaunchScreen.storyboard;
			sourceTree = "<group>";
		};
		04B67C5E1FC57670006C943E /* InfoPlist.strings */ = {
			isa = PBXVariantGroup;
			children = (
				04B67C5D1FC57670006C943E /* en */,
				04B67C5F1FC57673006C943E /* zh-Hans */,
			);
			name = InfoPlist.strings;
			sourceTree = "<group>";
		};
		04B67C621FC57679006C943E /* Localizable.strings */ = {
			isa = PBXVariantGroup;
			children = (
				04B67C611FC57679006C943E /* en */,
				04B67C631FC5767A006C943E /* zh-Hans */,
			);
			name = Localizable.strings;
			sourceTree = "<group>";
		};
/* End PBXVariantGroup section */

/* Begin XCBuildConfiguration section */
		04B67BE91FC42DAA006C943E /* Debug */ = {
			isa = XCBuildConfiguration;
			buildSettings = {
				ALWAYS_SEARCH_USER_PATHS = NO;
				CLANG_ANALYZER_LOCALIZABILITY_NONLOCALIZED = YES;
				CLANG_ANALYZER_NONNULL = YES;
				CLANG_ANALYZER_NUMBER_OBJECT_CONVERSION = YES_AGGRESSIVE;
				CLANG_CXX_LANGUAGE_STANDARD = "gnu++14";
				CLANG_CXX_LIBRARY = "libc++";
				CLANG_ENABLE_MODULES = YES;
				CLANG_ENABLE_OBJC_ARC = YES;
				CLANG_WARN_BLOCK_CAPTURE_AUTORELEASING = YES;
				CLANG_WARN_BOOL_CONVERSION = YES;
				CLANG_WARN_COMMA = YES;
				CLANG_WARN_CONSTANT_CONVERSION = YES;
				CLANG_WARN_DIRECT_OBJC_ISA_USAGE = YES_ERROR;
				CLANG_WARN_DOCUMENTATION_COMMENTS = YES;
				CLANG_WARN_EMPTY_BODY = YES;
				CLANG_WARN_ENUM_CONVERSION = YES;
				CLANG_WARN_INFINITE_RECURSION = YES;
				CLANG_WARN_INT_CONVERSION = YES;
				CLANG_WARN_NON_LITERAL_NULL_CONVERSION = YES;
				CLANG_WARN_OBJC_LITERAL_CONVERSION = YES;
				CLANG_WARN_OBJC_ROOT_CLASS = YES_ERROR;
				CLANG_WARN_RANGE_LOOP_ANALYSIS = YES;
				CLANG_WARN_STRICT_PROTOTYPES = YES;
				CLANG_WARN_SUSPICIOUS_MOVE = YES;
				CLANG_WARN_UNGUARDED_AVAILABILITY = YES_AGGRESSIVE;
				CLANG_WARN_UNREACHABLE_CODE = YES;
				CLANG_WARN__DUPLICATE_METHOD_MATCH = YES;
				CODE_SIGN_IDENTITY = "iPhone Developer";
				COPY_PHASE_STRIP = NO;
				DEBUG_INFORMATION_FORMAT = dwarf;
				ENABLE_STRICT_OBJC_MSGSEND = YES;
				ENABLE_TESTABILITY = YES;
				GCC_C_LANGUAGE_STANDARD = gnu11;
				GCC_DYNAMIC_NO_PIC = NO;
				GCC_NO_COMMON_BLOCKS = YES;
				GCC_OPTIMIZATION_LEVEL = 0;
				GCC_PREPROCESSOR_DEFINITIONS = (
					"DEBUG=1",
					"$(inherited)",
				);
				GCC_WARN_64_TO_32_BIT_CONVERSION = YES;
				GCC_WARN_ABOUT_RETURN_TYPE = YES_ERROR;
				GCC_WARN_UNDECLARED_SELECTOR = YES;
				GCC_WARN_UNINITIALIZED_AUTOS = YES_AGGRESSIVE;
				GCC_WARN_UNUSED_FUNCTION = YES;
				GCC_WARN_UNUSED_VARIABLE = YES;
				IPHONEOS_DEPLOYMENT_TARGET = 11.1;
				MTL_ENABLE_DEBUG_INFO = YES;
				ONLY_ACTIVE_ARCH = YES;
				SDKROOT = iphoneos;
			};
			name = Debug;
		};
		04B67BEA1FC42DAA006C943E /* Release */ = {
			isa = XCBuildConfiguration;
			buildSettings = {
				ALWAYS_SEARCH_USER_PATHS = NO;
				CLANG_ANALYZER_LOCALIZABILITY_NONLOCALIZED = YES;
				CLANG_ANALYZER_NONNULL = YES;
				CLANG_ANALYZER_NUMBER_OBJECT_CONVERSION = YES_AGGRESSIVE;
				CLANG_CXX_LANGUAGE_STANDARD = "gnu++14";
				CLANG_CXX_LIBRARY = "libc++";
				CLANG_ENABLE_MODULES = YES;
				CLANG_ENABLE_OBJC_ARC = YES;
				CLANG_WARN_BLOCK_CAPTURE_AUTORELEASING = YES;
				CLANG_WARN_BOOL_CONVERSION = YES;
				CLANG_WARN_COMMA = YES;
				CLANG_WARN_CONSTANT_CONVERSION = YES;
				CLANG_WARN_DIRECT_OBJC_ISA_USAGE = YES_ERROR;
				CLANG_WARN_DOCUMENTATION_COMMENTS = YES;
				CLANG_WARN_EMPTY_BODY = YES;
				CLANG_WARN_ENUM_CONVERSION = YES;
				CLANG_WARN_INFINITE_RECURSION = YES;
				CLANG_WARN_INT_CONVERSION = YES;
				CLANG_WARN_NON_LITERAL_NULL_CONVERSION = YES;
				CLANG_WARN_OBJC_LITERAL_CONVERSION = YES;
				CLANG_WARN_OBJC_ROOT_CLASS = YES_ERROR;
				CLANG_WARN_RANGE_LOOP_ANALYSIS = YES;
				CLANG_WARN_STRICT_PROTOTYPES = YES;
				CLANG_WARN_SUSPICIOUS_MOVE = YES;
				CLANG_WARN_UNGUARDED_AVAILABILITY = YES_AGGRESSIVE;
				CLANG_WARN_UNREACHABLE_CODE = YES;
				CLANG_WARN__DUPLICATE_METHOD_MATCH = YES;
				CODE_SIGN_IDENTITY = "iPhone Developer";
				COPY_PHASE_STRIP = NO;
				DEBUG_INFORMATION_FORMAT = "dwarf-with-dsym";
				ENABLE_NS_ASSERTIONS = NO;
				ENABLE_STRICT_OBJC_MSGSEND = YES;
				GCC_C_LANGUAGE_STANDARD = gnu11;
				GCC_NO_COMMON_BLOCKS = YES;
				GCC_WARN_64_TO_32_BIT_CONVERSION = YES;
				GCC_WARN_ABOUT_RETURN_TYPE = YES_ERROR;
				GCC_WARN_UNDECLARED_SELECTOR = YES;
				GCC_WARN_UNINITIALIZED_AUTOS = YES_AGGRESSIVE;
				GCC_WARN_UNUSED_FUNCTION = YES;
				GCC_WARN_UNUSED_VARIABLE = YES;
				IPHONEOS_DEPLOYMENT_TARGET = 11.1;
				MTL_ENABLE_DEBUG_INFO = NO;
				SDKROOT = iphoneos;
				VALIDATE_PRODUCT = YES;
			};
			name = Release;
		};
		04B67BEC1FC42DAA006C943E /* Debug */ = {
			isa = XCBuildConfiguration;
			baseConfigurationReference = 327F13DA01D6E706FAD1A851 /* Pods-JMORCode.debug.xcconfig */;
			buildSettings = {
				ASSETCATALOG_COMPILER_APPICON_NAME = AppIcon;
				CODE_SIGN_STYLE = Automatic;
				DEVELOPMENT_TEAM = 48K328WFVJ;
				GCC_PREFIX_HEADER = "JMORCode/Other/JMORCoder-Prefix.pch";
				INFOPLIST_FILE = JMORCode/Info.plist;
				IPHONEOS_DEPLOYMENT_TARGET = 9.0;
				LD_RUNPATH_SEARCH_PATHS = "$(inherited) @executable_path/Frameworks";
				PRODUCT_BUNDLE_IDENTIFIER = "JunMing-Zhao.JMORCode";
				PRODUCT_NAME = "$(TARGET_NAME)";
				TARGETED_DEVICE_FAMILY = "1,2";
			};
			name = Debug;
		};
		04B67BED1FC42DAA006C943E /* Release */ = {
			isa = XCBuildConfiguration;
			baseConfigurationReference = EEF3D5204CAB1408BCDF38C3 /* Pods-JMORCode.release.xcconfig */;
			buildSettings = {
				ASSETCATALOG_COMPILER_APPICON_NAME = AppIcon;
				CODE_SIGN_STYLE = Automatic;
				DEVELOPMENT_TEAM = 48K328WFVJ;
				GCC_PREFIX_HEADER = "JMORCode/Other/JMORCoder-Prefix.pch";
				INFOPLIST_FILE = JMORCode/Info.plist;
				IPHONEOS_DEPLOYMENT_TARGET = 9.0;
				LD_RUNPATH_SEARCH_PATHS = "$(inherited) @executable_path/Frameworks";
				PRODUCT_BUNDLE_IDENTIFIER = "JunMing-Zhao.JMORCode";
				PRODUCT_NAME = "$(TARGET_NAME)";
				TARGETED_DEVICE_FAMILY = "1,2";
			};
			name = Release;
		};
		04B67BEF1FC42DAA006C943E /* Debug */ = {
			isa = XCBuildConfiguration;
			buildSettings = {
				BUNDLE_LOADER = "$(TEST_HOST)";
				CODE_SIGN_STYLE = Automatic;
				DEVELOPMENT_TEAM = 48K328WFVJ;
				INFOPLIST_FILE = JMORCodeTests/Info.plist;
				LD_RUNPATH_SEARCH_PATHS = "$(inherited) @executable_path/Frameworks @loader_path/Frameworks";
				PRODUCT_BUNDLE_IDENTIFIER = "JunMing-Zhao.JMORCodeTests";
				PRODUCT_NAME = "$(TARGET_NAME)";
				TARGETED_DEVICE_FAMILY = "1,2";
				TEST_HOST = "$(BUILT_PRODUCTS_DIR)/JMORCode.app/JMORCode";
			};
			name = Debug;
		};
		04B67BF01FC42DAA006C943E /* Release */ = {
			isa = XCBuildConfiguration;
			buildSettings = {
				BUNDLE_LOADER = "$(TEST_HOST)";
				CODE_SIGN_STYLE = Automatic;
				DEVELOPMENT_TEAM = 48K328WFVJ;
				INFOPLIST_FILE = JMORCodeTests/Info.plist;
				LD_RUNPATH_SEARCH_PATHS = "$(inherited) @executable_path/Frameworks @loader_path/Frameworks";
				PRODUCT_BUNDLE_IDENTIFIER = "JunMing-Zhao.JMORCodeTests";
				PRODUCT_NAME = "$(TARGET_NAME)";
				TARGETED_DEVICE_FAMILY = "1,2";
				TEST_HOST = "$(BUILT_PRODUCTS_DIR)/JMORCode.app/JMORCode";
			};
			name = Release;
		};
/* End XCBuildConfiguration section */

/* Begin XCConfigurationList section */
		04B67BC51FC42DA9006C943E /* Build configuration list for PBXProject "JMORCode" */ = {
			isa = XCConfigurationList;
			buildConfigurations = (
				04B67BE91FC42DAA006C943E /* Debug */,
				04B67BEA1FC42DAA006C943E /* Release */,
			);
			defaultConfigurationIsVisible = 0;
			defaultConfigurationName = Release;
		};
		04B67BEB1FC42DAA006C943E /* Build configuration list for PBXNativeTarget "JMORCode" */ = {
			isa = XCConfigurationList;
			buildConfigurations = (
				04B67BEC1FC42DAA006C943E /* Debug */,
				04B67BED1FC42DAA006C943E /* Release */,
			);
			defaultConfigurationIsVisible = 0;
			defaultConfigurationName = Release;
		};
		04B67BEE1FC42DAA006C943E /* Build configuration list for PBXNativeTarget "JMORCodeTests" */ = {
			isa = XCConfigurationList;
			buildConfigurations = (
				04B67BEF1FC42DAA006C943E /* Debug */,
				04B67BF01FC42DAA006C943E /* Release */,
			);
			defaultConfigurationIsVisible = 0;
			defaultConfigurationName = Release;
		};
/* End XCConfigurationList section */
	};
	rootObject = 04B67BC21FC42DA9006C943E /* Project object */;
}
